
Microsoft Visual Studio Solution File, Format Version 11.00
# Visual Studio 2010
Project("{E24C65DC-7377-472B-9ABA-BC803B73C61A}") = "GameShop", ".", "{81EC62C8-AADB-4345-8A90-6B09DC63ACC5}"
	ProjectSection(WebsiteProperties) = preProject
		TargetFrameworkMoniker = ".NETFramework,Version%3Dv4.0"
		Debug.AspNetCompiler.VirtualPath = "/GameShop"
		Debug.AspNetCompiler.PhysicalPath = "..\GameShop\"
		Debug.AspNetCompiler.TargetPath = "PrecompiledWeb\GameShop\"
		Debug.AspNetCompiler.Updateable = "true"
		Debug.AspNetCompiler.ForceOverwrite = "true"
		Debug.AspNetCompiler.FixedNames = "false"
		Debug.AspNetCompiler.Debug = "True"
		Release.AspNetCompiler.VirtualPath = "/GameShop"
		Release.AspNetCompiler.PhysicalPath = "..\GameShop\"
		Release.AspNetCompiler.TargetPath = "PrecompiledWeb\GameShop\"
		Release.AspNetCompiler.Updateable = "true"
		Release.AspNetCompiler.ForceOverwrite = "true"
		Release.AspNetCompiler.FixedNames = "false"
		Release.AspNetCompiler.Debug = "False"
		VWDPort = "55852"
		DefaultWebSiteLanguage = "Visual C#"
	EndProjectSection
EndProject
Global
	GlobalSection(SolutionConfigurationPlatforms) = preSolution
		Debug|Any CPU = Debug|Any CPU
	EndGlobalSection
	GlobalSection(ProjectConfigurationPlatforms) = postSolution
		{81EC62C8-AADB-4345-8A90-6B09DC63ACC5}.Debug|Any CPU.ActiveCfg = Debug|Any CPU
		{81EC62C8-AADB-4345-8A90-6B09DC63ACC5}.Debug|Any CPU.Build.0 = Debug|Any CPU
	EndGlobalSection
	GlobalSection(SolutionProperties) = preSolution
		HideSolutionNode = FALSE
	EndGlobalSection
EndGlobal
